<?xml version="1.0" encoding="utf-8"?>
<Project ToolsVersion="4.0" xmlns="http://schemas.microsoft.com/developer/msbuild/2003">
  <ItemGroup>
    <Filter Include="Source Files">
      <UniqueIdentifier>{4FC737F1-C7A5-4376-A066-2A32D752A2FF}</UniqueIdentifier>
      <Extensions>cpp;c;cc;cxx;c++;cppm;ixx;def;odl;idl;hpj;bat;asm;asmx</Extensions>
    </Filter>
    <Filter Include="Header Files">
      <UniqueIdentifier>{93995380-89BD-4b04-88EB-625FBE52EBFB}</UniqueIdentifier>
      <Extensions>h;hh;hpp;hxx;h++;hm;inl;inc;ipp;xsd</Extensions>
    </Filter>
    <Filter Include="Resource Files">
      <UniqueIdentifier>{67DA6AB6-F800-4c08-8B7A-83BB121AAD01}</UniqueIdentifier>
      <Extensions>rc;ico;cur;bmp;dlg;rc2;rct;bin;rgs;gif;jpg;jpeg;jpe;resx;tiff;tif;png;wav;mfcribbon-ms</Extensions>
    </Filter>
  </ItemGroup>
  <ItemGroup>
    <ClCompile Include="Core\CGame.cpp">
      <Filter>Source Files</Filter>
    </ClCompile>
    <ClCompile Include="Managers\CTextureManager.cpp">
      <Filter>Source Files</Filter>
    </ClCompile>
    <ClCompile Include="Game Objects\CGameObject.cpp">
      <Filter>Source Files</Filter>
    </ClCompile>
    <ClCompile Include="Game Objects\CPlayer.cpp">
      <Filter>Source Files</Filter>
    </ClCompile>
    <ClCompile Include="Game Objects\CEnemy.cpp">
      <Filter>Source Files</Filter>
    </ClCompile>
    <ClCompile Include="Game Objects\CLoadParams.h">
      <Filter>Source Files</Filter>
    </ClCompile>
    <ClCompile Include="main.cpp">
      <Filter>Source Files</Filter>
    </ClCompile>
    <ClCompile Include="Controllers\CMouseEvents.cpp">
      <Filter>Source Files</Filter>
    </ClCompile>
    <ClCompile Include="Controllers\CInputHandler.cpp">
      <Filter>Source Files</Filter>
    </ClCompile>
    <ClCompile Include="GameStates\CPlayerStates.cpp">
      <Filter>Source Files</Filter>
    </ClCompile>
    <ClCompile Include="Menu\MainMenu\CMenuStates.cpp">
      <Filter>Source Files</Filter>
    </ClCompile>
    <ClCompile Include="GameStates\CGameStateMachine.cpp">
      <Filter>Source Files</Filter>
    </ClCompile>
    <ClCompile Include="Menu\MainMenu\CMenu.cpp">
      <Filter>Source Files</Filter>
    </ClCompile>
    <ClCompile Include="Managers\CFontTextureManager.cpp">
      <Filter>Source Files</Filter>
    </ClCompile>
    <ClCompile Include="Menu\PauseMenu\CPauseStates.cpp">
      <Filter>Source Files</Filter>
    </ClCompile>
    <ClCompile Include="Menu\PauseMenu\CPauseMenu.cpp">
      <Filter>Source Files</Filter>
    </ClCompile>
    <ClCompile Include="__TinyXML\tinystr.cpp">
      <Filter>Source Files</Filter>
    </ClCompile>
    <ClCompile Include="__TinyXML\tinyxml.cpp">
      <Filter>Source Files</Filter>
    </ClCompile>
    <ClCompile Include="__TinyXML\tinyxmlerror.cpp">
      <Filter>Source Files</Filter>
    </ClCompile>
    <ClCompile Include="__TinyXML\tinyxmlparser.cpp">
      <Filter>Source Files</Filter>
    </ClCompile>
    <ClCompile Include="Game Objects\CStableObject.cpp">
      <Filter>Source Files</Filter>
    </ClCompile>
    <ClCompile Include="Map\CTileLayer.cpp">
      <Filter>Source Files</Filter>
    </ClCompile>
    <ClCompile Include="Parser\CMapParser.cpp">
      <Filter>Source Files</Filter>
    </ClCompile>
    <ClCompile Include="Managers\CSoundManager.cpp">
      <Filter>Source Files</Filter>
    </ClCompile>
    <ClCompile Include="Helper\CTimer.cpp">
      <Filter>Source Files</Filter>
    </ClCompile>
    <ClCompile Include="Game Objects\Fireballs\CFireBall.cpp">
      <Filter>Source Files</Filter>
    </ClCompile>
    <ClCompile Include="GameStates\CGameOverState.cpp">
      <Filter>Source Files</Filter>
    </ClCompile>
    <ClCompile Include="GameStates\CGameOver.cpp">
      <Filter>Source Files</Filter>
    </ClCompile>
  </ItemGroup>
  <ItemGroup>
    <ClInclude Include="Core\CGame.h">
      <Filter>Header Files</Filter>
    </ClInclude>
    <ClInclude Include="Managers\CTextureManager.h">
      <Filter>Header Files</Filter>
    </ClInclude>
    <ClInclude Include="Game Objects\CGameObject.h">
      <Filter>Header Files</Filter>
    </ClInclude>
    <ClInclude Include="Game Objects\CPlayer.h">
      <Filter>Header Files</Filter>
    </ClInclude>
    <ClInclude Include="ScreenDimentions.h">
      <Filter>Header Files</Filter>
    </ClInclude>
    <ClInclude Include="Game Objects\CEnemy.h">
      <Filter>Header Files</Filter>
    </ClInclude>
    <ClInclude Include="Game Objects\IObject.h">
      <Filter>Header Files</Filter>
    </ClInclude>
    <ClInclude Include="Physics\Vector2D.h">
      <Filter>Header Files</Filter>
    </ClInclude>
    <ClInclude Include="Controllers\CInputHandler.h">
      <Filter>Header Files</Filter>
    </ClInclude>
    <ClInclude Include="Controllers\CMouseEvents.h">
      <Filter>Header Files</Filter>
    </ClInclude>
    <ClInclude Include="Controllers\CKeyBoardEvents.h">
      <Filter>Header Files</Filter>
    </ClInclude>
    <ClInclude Include="GameStates\IGameStates.h">
      <Filter>Header Files</Filter>
    </ClInclude>
    <ClInclude Include="GameStates\CPlayerStates.h">
      <Filter>Header Files</Filter>
    </ClInclude>
    <ClInclude Include="Menu\MainMenu\CMenuStates.h">
      <Filter>Header Files</Filter>
    </ClInclude>
    <ClInclude Include="GameStates\CGameStateMachine.h">
      <Filter>Header Files</Filter>
    </ClInclude>
    <ClInclude Include="Menu\MainMenu\CMenu.h">
      <Filter>Header Files</Filter>
    </ClInclude>
    <ClInclude Include="Managers\CFontTextureManager.h">
      <Filter>Header Files</Filter>
    </ClInclude>
    <ClInclude Include="Menu\PauseMenu\CPauseStates.h">
      <Filter>Header Files</Filter>
    </ClInclude>
    <ClInclude Include="Menu\PauseMenu\CPauseMenu.h">
      <Filter>Header Files</Filter>
    </ClInclude>
    <ClInclude Include="Factories\CGameObjectFactory.h">
      <Filter>Header Files</Filter>
    </ClInclude>
    <ClInclude Include="Factories\CBaseCreator.h">
      <Filter>Header Files</Filter>
    </ClInclude>
    <ClInclude Include="__TinyXML\tinystr.h">
      <Filter>Header Files</Filter>
    </ClInclude>
    <ClInclude Include="__TinyXML\tinyxml.h">
      <Filter>Header Files</Filter>
    </ClInclude>
    <ClInclude Include="Parser\CStateParser.h">
      <Filter>Header Files</Filter>
    </ClInclude>
    <ClInclude Include="Game Objects\CStableObject.h">
      <Filter>Header Files</Filter>
    </ClInclude>
    <ClInclude Include="Map\ILayer.h">
      <Filter>Header Files</Filter>
    </ClInclude>
    <ClInclude Include="Map\CGameMap.h">
      <Filter>Header Files</Filter>
    </ClInclude>
    <ClInclude Include="Map\CTileLayer.h">
      <Filter>Header Files</Filter>
    </ClInclude>
    <ClInclude Include="Parser\CMapParser.h">
      <Filter>Header Files</Filter>
    </ClInclude>
    <ClInclude Include="Managers\CSoundManager.h">
      <Filter>Header Files</Filter>
    </ClInclude>
    <ClInclude Include="Helper\CTimer.h">
      <Filter>Header Files</Filter>
    </ClInclude>
    <ClInclude Include="Game Objects\Fireballs\CFireBall.h">
      <Filter>Header Files</Filter>
    </ClInclude>
    <ClInclude Include="Collision\ColliderBox.h">
      <Filter>Header Files</Filter>
    </ClInclude>
    <ClInclude Include="Collision\CCollisionDetection.h">
      <Filter>Header Files</Filter>
    </ClInclude>
    <ClInclude Include="Physics\CMath.h">
      <Filter>Header Files</Filter>
    </ClInclude>
    <ClInclude Include="Map\CollisionTile.h">
      <Filter>Header Files</Filter>
    </ClInclude>
    <ClInclude Include="GameStates\CGameOverState.h">
      <Filter>Header Files</Filter>
    </ClInclude>
    <ClInclude Include="GameStates\CGameOver.h">
      <Filter>Header Files</Filter>
    </ClInclude>
  </ItemGroup>
</Project>